// !$*UTF8*$!
{
	archiveVersion = 1;
	classes = {
	};
	objectVersion = 46;
	objects = {

/* Begin PBXBuildFile section */
		F420D1F11B9522A50090D7D6 /* gpl-v2.0.txt in Resources */ = {isa = PBXBuildFile; fileRef = F420D1ED1B9522A50090D7D6 /* gpl-v2.0.txt */; };
		F420D1F21B9522A50090D7D6 /* gpl-v3.0.txt in Resources */ = {isa = PBXBuildFile; fileRef = F420D1EE1B9522A50090D7D6 /* gpl-v3.0.txt */; };
		F420D1F31B9522A50090D7D6 /* lglp-v3.0.txt in Resources */ = {isa = PBXBuildFile; fileRef = F420D1EF1B9522A50090D7D6 /* lglp-v3.0.txt */; };
		F420D1F41B9522A50090D7D6 /* LICENSE.txt in Resources */ = {isa = PBXBuildFile; fileRef = F420D1F01B9522A50090D7D6 /* LICENSE.txt */; };
		F4555CF91B8EEF3A00B1B8CF /* GMPSwift.h in Headers */ = {isa = PBXBuildFile; fileRef = F4555CF81B8EEF3A00B1B8CF /* GMPSwift.h */; settings = {ATTRIBUTES = (Private, ); }; };
		F48EDC351B94D7AF004BB3BC /* gmp-man-6.0.0a.pdf in Resources */ = {isa = PBXBuildFile; fileRef = F4F55B361B8E36050072F09B /* gmp-man-6.0.0a.pdf */; };
		F48EDC361B94DB2C004BB3BC /* libgmp.10.dylib in CopyFiles */ = {isa = PBXBuildFile; fileRef = F4F55B3B1B8E36220072F09B /* libgmp.10.dylib */; };
		F498B32F1B905E190075FFF9 /* IntUInt.swift in Sources */ = {isa = PBXBuildFile; fileRef = F498B32E1B905E190075FFF9 /* IntUInt.swift */; };
		F498B3311B9062920075FFF9 /* IntUIntTests.swift in Sources */ = {isa = PBXBuildFile; fileRef = F498B3301B9062920075FFF9 /* IntUIntTests.swift */; };
		F4CA524D1B98C0410098997E /* main.swift in Sources */ = {isa = PBXBuildFile; fileRef = F4CA524C1B98C0410098997E /* main.swift */; };
		F4F55B241B8E35780072F09B /* GMPSwift.framework in Frameworks */ = {isa = PBXBuildFile; fileRef = F4F55B181B8E35780072F09B /* GMPSwift.framework */; };
		F4F55B2B1B8E35780072F09B /* IntMPTests.swift in Sources */ = {isa = PBXBuildFile; fileRef = F4F55B2A1B8E35780072F09B /* IntMPTests.swift */; };
		F4F55B391B8E36050072F09B /* gmp.h in Headers */ = {isa = PBXBuildFile; fileRef = F4F55B371B8E36050072F09B /* gmp.h */; settings = {ATTRIBUTES = (Public, ); }; };
		F4F55B3E1B8E36220072F09B /* libgmp.a in Frameworks */ = {isa = PBXBuildFile; fileRef = F4F55B3C1B8E36220072F09B /* libgmp.a */; settings = {ATTRIBUTES = (Required, ); }; };
		F4F55B401B8E36A80072F09B /* IntMP.swift in Sources */ = {isa = PBXBuildFile; fileRef = F4F55B3F1B8E36A80072F09B /* IntMP.swift */; };
		F4F55B441B8E39720072F09B /* GMPSwift-Swift.h in Headers */ = {isa = PBXBuildFile; fileRef = F4F55B431B8E39720072F09B /* GMPSwift-Swift.h */; settings = {ATTRIBUTES = (Public, ); }; };
/* End PBXBuildFile section */

/* Begin PBXContainerItemProxy section */
		F4F55B251B8E35780072F09B /* PBXContainerItemProxy */ = {
			isa = PBXContainerItemProxy;
			containerPortal = F4F55B0F1B8E35780072F09B /* Project object */;
			proxyType = 1;
			remoteGlobalIDString = F4F55B171B8E35780072F09B;
			remoteInfo = GMPSwift;
		};
/* End PBXContainerItemProxy section */

/* Begin PBXCopyFilesBuildPhase section */
		F4CA52481B98C0410098997E /* CopyFiles */ = {
			isa = PBXCopyFilesBuildPhase;
			buildActionMask = 2147483647;
			dstPath = /usr/share/man/man1/;
			dstSubfolderSpec = 0;
			files = (
			);
			runOnlyForDeploymentPostprocessing = 1;
		};
		F4EF1DF61B94C6F600748DCC /* CopyFiles */ = {
			isa = PBXCopyFilesBuildPhase;
			buildActionMask = 12;
			dstPath = "";
			dstSubfolderSpec = 10;
			files = (
				F48EDC361B94DB2C004BB3BC /* libgmp.10.dylib in CopyFiles */,
			);
			runOnlyForDeploymentPostprocessing = 0;
		};
/* End PBXCopyFilesBuildPhase section */

/* Begin PBXFileReference section */
		F420D1ED1B9522A50090D7D6 /* gpl-v2.0.txt */ = {isa = PBXFileReference; fileEncoding = 4; lastKnownFileType = text; path = "gpl-v2.0.txt"; sourceTree = "<group>"; };
		F420D1EE1B9522A50090D7D6 /* gpl-v3.0.txt */ = {isa = PBXFileReference; fileEncoding = 4; lastKnownFileType = text; path = "gpl-v3.0.txt"; sourceTree = "<group>"; };
		F420D1EF1B9522A50090D7D6 /* lglp-v3.0.txt */ = {isa = PBXFileReference; fileEncoding = 4; lastKnownFileType = text; path = "lglp-v3.0.txt"; sourceTree = "<group>"; };
		F420D1F01B9522A50090D7D6 /* LICENSE.txt */ = {isa = PBXFileReference; fileEncoding = 4; lastKnownFileType = text; path = LICENSE.txt; sourceTree = "<group>"; };
		F4555CF81B8EEF3A00B1B8CF /* GMPSwift.h */ = {isa = PBXFileReference; fileEncoding = 4; lastKnownFileType = sourcecode.c.h; path = GMPSwift.h; sourceTree = "<group>"; };
		F498B32E1B905E190075FFF9 /* IntUInt.swift */ = {isa = PBXFileReference; fileEncoding = 4; lastKnownFileType = sourcecode.swift; path = IntUInt.swift; sourceTree = "<group>"; };
		F498B3301B9062920075FFF9 /* IntUIntTests.swift */ = {isa = PBXFileReference; fileEncoding = 4; lastKnownFileType = sourcecode.swift; path = IntUIntTests.swift; sourceTree = "<group>"; };
		F4CA524A1B98C0410098997E /* TestGMPSwift */ = {isa = PBXFileReference; explicitFileType = "compiled.mach-o.executable"; includeInIndex = 0; path = TestGMPSwift; sourceTree = BUILT_PRODUCTS_DIR; };
		F4CA524C1B98C0410098997E /* main.swift */ = {isa = PBXFileReference; lastKnownFileType = sourcecode.swift; path = main.swift; sourceTree = "<group>"; };
		F4F55B181B8E35780072F09B /* GMPSwift.framework */ = {isa = PBXFileReference; explicitFileType = wrapper.framework; includeInIndex = 0; path = GMPSwift.framework; sourceTree = BUILT_PRODUCTS_DIR; };
		F4F55B1C1B8E35780072F09B /* Info.plist */ = {isa = PBXFileReference; lastKnownFileType = text.plist.xml; path = Info.plist; sourceTree = "<group>"; };
		F4F55B231B8E35780072F09B /* GMPSwiftTests.xctest */ = {isa = PBXFileReference; explicitFileType = wrapper.cfbundle; includeInIndex = 0; path = GMPSwiftTests.xctest; sourceTree = BUILT_PRODUCTS_DIR; };
		F4F55B291B8E35780072F09B /* Info.plist */ = {isa = PBXFileReference; lastKnownFileType = text.plist.xml; path = Info.plist; sourceTree = "<group>"; };
		F4F55B2A1B8E35780072F09B /* IntMPTests.swift */ = {isa = PBXFileReference; lastKnownFileType = sourcecode.swift; path = IntMPTests.swift; sourceTree = "<group>"; };
		F4F55B341B8E35CD0072F09B /* module.modulemap */ = {isa = PBXFileReference; fileEncoding = 4; lastKnownFileType = "sourcecode.module-map"; path = module.modulemap; sourceTree = "<group>"; };
		F4F55B361B8E36050072F09B /* gmp-man-6.0.0a.pdf */ = {isa = PBXFileReference; lastKnownFileType = image.pdf; name = "gmp-man-6.0.0a.pdf"; path = "GMP/Common/gmp-man-6.0.0a.pdf"; sourceTree = "<group>"; };
		F4F55B371B8E36050072F09B /* gmp.h */ = {isa = PBXFileReference; fileEncoding = 4; lastKnownFileType = sourcecode.c.h; name = gmp.h; path = GMP/Common/gmp.h; sourceTree = "<group>"; };
		F4F55B3B1B8E36220072F09B /* libgmp.10.dylib */ = {isa = PBXFileReference; lastKnownFileType = "compiled.mach-o.dylib"; name = libgmp.10.dylib; path = GMP/OSX/libgmp.10.dylib; sourceTree = "<group>"; };
		F4F55B3C1B8E36220072F09B /* libgmp.a */ = {isa = PBXFileReference; lastKnownFileType = archive.ar; name = libgmp.a; path = GMP/OSX/libgmp.a; sourceTree = "<group>"; };
		F4F55B3F1B8E36A80072F09B /* IntMP.swift */ = {isa = PBXFileReference; fileEncoding = 4; lastKnownFileType = sourcecode.swift; path = IntMP.swift; sourceTree = "<group>"; };
		F4F55B431B8E39720072F09B /* GMPSwift-Swift.h */ = {isa = PBXFileReference; fileEncoding = 4; lastKnownFileType = sourcecode.c.h; path = "GMPSwift-Swift.h"; sourceTree = "<group>"; };
/* End PBXFileReference section */

/* Begin PBXFrameworksBuildPhase section */
		F4CA52471B98C0410098997E /* Frameworks */ = {
			isa = PBXFrameworksBuildPhase;
			buildActionMask = 2147483647;
			files = (
			);
			runOnlyForDeploymentPostprocessing = 0;
		};
		F4F55B141B8E35780072F09B /* Frameworks */ = {
			isa = PBXFrameworksBuildPhase;
			buildActionMask = 2147483647;
			files = (
				F4F55B3E1B8E36220072F09B /* libgmp.a in Frameworks */,
			);
			runOnlyForDeploymentPostprocessing = 0;
		};
		F4F55B201B8E35780072F09B /* Frameworks */ = {
			isa = PBXFrameworksBuildPhase;
			buildActionMask = 2147483647;
			files = (
				F4F55B241B8E35780072F09B /* GMPSwift.framework in Frameworks */,
			);
			runOnlyForDeploymentPostprocessing = 0;
		};
/* End PBXFrameworksBuildPhase section */

/* Begin PBXGroup section */
		F420D1F51B9522BB0090D7D6 /* License */ = {
			isa = PBXGroup;
			children = (
				F420D1ED1B9522A50090D7D6 /* gpl-v2.0.txt */,
				F420D1EE1B9522A50090D7D6 /* gpl-v3.0.txt */,
				F420D1EF1B9522A50090D7D6 /* lglp-v3.0.txt */,
				F420D1F01B9522A50090D7D6 /* LICENSE.txt */,
			);
			name = License;
			sourceTree = "<group>";
		};
		F4CA524B1B98C0410098997E /* TestGMPSwift */ = {
			isa = PBXGroup;
			children = (
				F4CA524C1B98C0410098997E /* main.swift */,
			);
			path = TestGMPSwift;
			sourceTree = "<group>";
		};
		F4F55B0E1B8E35780072F09B = {
			isa = PBXGroup;
			children = (
				F420D1F51B9522BB0090D7D6 /* License */,
				F4F55B3A1B8E36090072F09B /* GMP */,
				F4F55B1A1B8E35780072F09B /* GMPSwift */,
				F4F55B271B8E35780072F09B /* GMPSwiftTests */,
				F4CA524B1B98C0410098997E /* TestGMPSwift */,
				F4F55B191B8E35780072F09B /* Products */,
			);
			sourceTree = "<group>";
		};
		F4F55B191B8E35780072F09B /* Products */ = {
			isa = PBXGroup;
			children = (
				F4F55B181B8E35780072F09B /* GMPSwift.framework */,
				F4F55B231B8E35780072F09B /* GMPSwiftTests.xctest */,
				F4CA524A1B98C0410098997E /* TestGMPSwift */,
			);
			name = Products;
			sourceTree = "<group>";
		};
		F4F55B1A1B8E35780072F09B /* GMPSwift */ = {
			isa = PBXGroup;
			children = (
				F4555CF81B8EEF3A00B1B8CF /* GMPSwift.h */,
				F4F55B431B8E39720072F09B /* GMPSwift-Swift.h */,
				F4F55B3F1B8E36A80072F09B /* IntMP.swift */,
				F498B32E1B905E190075FFF9 /* IntUInt.swift */,
				F4F55B1B1B8E35780072F09B /* Supporting Files */,
			);
			path = GMPSwift;
			sourceTree = "<group>";
		};
		F4F55B1B1B8E35780072F09B /* Supporting Files */ = {
			isa = PBXGroup;
			children = (
				F4F55B341B8E35CD0072F09B /* module.modulemap */,
				F4F55B1C1B8E35780072F09B /* Info.plist */,
			);
			name = "Supporting Files";
			sourceTree = "<group>";
		};
		F4F55B271B8E35780072F09B /* GMPSwiftTests */ = {
			isa = PBXGroup;
			children = (
				F4F55B2A1B8E35780072F09B /* IntMPTests.swift */,
				F498B3301B9062920075FFF9 /* IntUIntTests.swift */,
				F4F55B281B8E35780072F09B /* Supporting Files */,
			);
			path = GMPSwiftTests;
			sourceTree = "<group>";
		};
		F4F55B281B8E35780072F09B /* Supporting Files */ = {
			isa = PBXGroup;
			children = (
				F4F55B291B8E35780072F09B /* Info.plist */,
			);
			name = "Supporting Files";
			sourceTree = "<group>";
		};
		F4F55B3A1B8E36090072F09B /* GMP */ = {
			isa = PBXGroup;
			children = (
				F4F55B3B1B8E36220072F09B /* libgmp.10.dylib */,
				F4F55B3C1B8E36220072F09B /* libgmp.a */,
				F4F55B361B8E36050072F09B /* gmp-man-6.0.0a.pdf */,
				F4F55B371B8E36050072F09B /* gmp.h */,
			);
			name = GMP;
			sourceTree = "<group>";
		};
/* End PBXGroup section */

/* Begin PBXHeadersBuildPhase section */
		F4F55B151B8E35780072F09B /* Headers */ = {
			isa = PBXHeadersBuildPhase;
			buildActionMask = 2147483647;
			files = (
				F4F55B391B8E36050072F09B /* gmp.h in Headers */,
				F4F55B441B8E39720072F09B /* GMPSwift-Swift.h in Headers */,
				F4555CF91B8EEF3A00B1B8CF /* GMPSwift.h in Headers */,
			);
			runOnlyForDeploymentPostprocessing = 0;
		};
/* End PBXHeadersBuildPhase section */

/* Begin PBXNativeTarget section */
		F4CA52491B98C0410098997E /* TestGMPSwift */ = {
			isa = PBXNativeTarget;
			buildConfigurationList = F4CA524E1B98C0410098997E /* Build configuration list for PBXNativeTarget "TestGMPSwift" */;
			buildPhases = (
				F4CA52461B98C0410098997E /* Sources */,
				F4CA52471B98C0410098997E /* Frameworks */,
				F4CA52481B98C0410098997E /* CopyFiles */,
			);
			buildRules = (
			);
			dependencies = (
			);
			name = TestGMPSwift;
			productName = TestGMPSwift;
			productReference = F4CA524A1B98C0410098997E /* TestGMPSwift */;
			productType = "com.apple.product-type.tool";
		};
		F4F55B171B8E35780072F09B /* GMPSwift */ = {
			isa = PBXNativeTarget;
			buildConfigurationList = F4F55B2E1B8E35780072F09B /* Build configuration list for PBXNativeTarget "GMPSwift" */;
			buildPhases = (
				F4F55B131B8E35780072F09B /* Sources */,
				F4F55B141B8E35780072F09B /* Frameworks */,
				F4F55B151B8E35780072F09B /* Headers */,
				F4F55B161B8E35780072F09B /* Resources */,
				F4EF1DF61B94C6F600748DCC /* CopyFiles */,
			);
			buildRules = (
			);
			dependencies = (
			);
			name = GMPSwift;
			productName = GMPSwift;
			productReference = F4F55B181B8E35780072F09B /* GMPSwift.framework */;
			productType = "com.apple.product-type.framework";
		};
		F4F55B221B8E35780072F09B /* GMPSwiftTests */ = {
			isa = PBXNativeTarget;
			buildConfigurationList = F4F55B311B8E35780072F09B /* Build configuration list for PBXNativeTarget "GMPSwiftTests" */;
			buildPhases = (
				F4F55B1F1B8E35780072F09B /* Sources */,
				F4F55B201B8E35780072F09B /* Frameworks */,
				F4F55B211B8E35780072F09B /* Resources */,
			);
			buildRules = (
			);
			dependencies = (
				F4F55B261B8E35780072F09B /* PBXTargetDependency */,
			);
			name = GMPSwiftTests;
			productName = GMPSwiftTests;
			productReference = F4F55B231B8E35780072F09B /* GMPSwiftTests.xctest */;
			productType = "com.apple.product-type.bundle.unit-test";
		};
/* End PBXNativeTarget section */

/* Begin PBXProject section */
		F4F55B0F1B8E35780072F09B /* Project object */ = {
			isa = PBXProject;
			attributes = {
				LastUpgradeCheck = 0640;
				ORGANIZATIONNAME = "José María Gómez Cama";
				TargetAttributes = {
					F4CA52491B98C0410098997E = {
						CreatedOnToolsVersion = 6.4;
					};
					F4F55B171B8E35780072F09B = {
						CreatedOnToolsVersion = 6.4;
					};
					F4F55B221B8E35780072F09B = {
						CreatedOnToolsVersion = 6.4;
					};
				};
			};
			buildConfigurationList = F4F55B121B8E35780072F09B /* Build configuration list for PBXProject "GMPSwift" */;
			compatibilityVersion = "Xcode 3.2";
			developmentRegion = English;
			hasScannedForEncodings = 0;
			knownRegions = (
				en,
			);
			mainGroup = F4F55B0E1B8E35780072F09B;
			productRefGroup = F4F55B191B8E35780072F09B /* Products */;
			projectDirPath = "";
			projectRoot = "";
			targets = (
				F4F55B171B8E35780072F09B /* GMPSwift */,
				F4F55B221B8E35780072F09B /* GMPSwiftTests */,
				F4CA52491B98C0410098997E /* TestGMPSwift */,
			);
		};
/* End PBXProject section */

/* Begin PBXResourcesBuildPhase section */
		F4F55B161B8E35780072F09B /* Resources */ = {
			isa = PBXResourcesBuildPhase;
			buildActionMask = 2147483647;
			files = (
				F420D1F11B9522A50090D7D6 /* gpl-v2.0.txt in Resources */,
				F420D1F21B9522A50090D7D6 /* gpl-v3.0.txt in Resources */,
				F420D1F31B9522A50090D7D6 /* lglp-v3.0.txt in Resources */,
				F420D1F41B9522A50090D7D6 /* LICENSE.txt in Resources */,
				F48EDC351B94D7AF004BB3BC /* gmp-man-6.0.0a.pdf in Resources */,
			);
			runOnlyForDeploymentPostprocessing = 0;
		};
		F4F55B211B8E35780072F09B /* Resources */ = {
			isa = PBXResourcesBuildPhase;
			buildActionMask = 2147483647;
			files = (
			);
			runOnlyForDeploymentPostprocessing = 0;
		};
/* End PBXResourcesBuildPhase section */

/* Begin PBXSourcesBuildPhase section */
		F4CA52461B98C0410098997E /* Sources */ = {
			isa = PBXSourcesBuildPhase;
			buildActionMask = 2147483647;
			files = (
				F4CA524D1B98C0410098997E /* main.swift in Sources */,
			);
			runOnlyForDeploymentPostprocessing = 0;
		};
		F4F55B131B8E35780072F09B /* Sources */ = {
			isa = PBXSourcesBuildPhase;
			buildActionMask = 2147483647;
			files = (
				F4F55B401B8E36A80072F09B /* IntMP.swift in Sources */,
				F498B32F1B905E190075FFF9 /* IntUInt.swift in Sources */,
			);
			runOnlyForDeploymentPostprocessing = 0;
		};
		F4F55B1F1B8E35780072F09B /* Sources */ = {
			isa = PBXSourcesBuildPhase;
			buildActionMask = 2147483647;
			files = (
				F4F55B2B1B8E35780072F09B /* IntMPTests.swift in Sources */,
				F498B3311B9062920075FFF9 /* IntUIntTests.swift in Sources */,
			);
			runOnlyForDeploymentPostprocessing = 0;
		};
/* End PBXSourcesBuildPhase section */

/* Begin PBXTargetDependency section */
		F4F55B261B8E35780072F09B /* PBXTargetDependency */ = {
			isa = PBXTargetDependency;
			target = F4F55B171B8E35780072F09B /* GMPSwift */;
			targetProxy = F4F55B251B8E35780072F09B /* PBXContainerItemProxy */;
		};
/* End PBXTargetDependency section */

/* Begin XCBuildConfiguration section */
		F4CA524F1B98C0410098997E /* Debug */ = {
			isa = XCBuildConfiguration;
			buildSettings = {
				GCC_PREPROCESSOR_DEFINITIONS = (
					"DEBUG=1",
					"$(inherited)",
				);
				PRODUCT_NAME = "$(TARGET_NAME)";
			};
			name = Debug;
		};
		F4CA52501B98C0410098997E /* Release */ = {
			isa = XCBuildConfiguration;
			buildSettings = {
				PRODUCT_NAME = "$(TARGET_NAME)";
			};
			name = Release;
		};
		F4F55B2C1B8E35780072F09B /* Debug */ = {
			isa = XCBuildConfiguration;
			buildSettings = {
				ALWAYS_SEARCH_USER_PATHS = NO;
				CLANG_CXX_LANGUAGE_STANDARD = "gnu++0x";
				CLANG_CXX_LIBRARY = "libc++";
				CLANG_ENABLE_MODULES = YES;
				CLANG_ENABLE_OBJC_ARC = YES;
				CLANG_OPTIMIZATION_PROFILE_FILE = "";
				CLANG_WARN_BOOL_CONVERSION = YES;
				CLANG_WARN_CONSTANT_CONVERSION = YES;
				CLANG_WARN_DIRECT_OBJC_ISA_USAGE = YES_ERROR;
				CLANG_WARN_EMPTY_BODY = YES;
				CLANG_WARN_ENUM_CONVERSION = YES;
				CLANG_WARN_INT_CONVERSION = YES;
				CLANG_WARN_OBJC_ROOT_CLASS = YES_ERROR;
				CLANG_WARN_UNREACHABLE_CODE = YES;
				CLANG_WARN__DUPLICATE_METHOD_MATCH = YES;
				COPY_PHASE_STRIP = NO;
				CURRENT_PROJECT_VERSION = 1;
				DEBUG_INFORMATION_FORMAT = dwarf;
				ENABLE_STRICT_OBJC_MSGSEND = YES;
				GCC_C_LANGUAGE_STANDARD = gnu99;
				GCC_DYNAMIC_NO_PIC = NO;
				GCC_NO_COMMON_BLOCKS = YES;
				GCC_OPTIMIZATION_LEVEL = 0;
				GCC_PREPROCESSOR_DEFINITIONS = (
					"DEBUG=1",
					"$(inherited)",
				);
				GCC_SYMBOLS_PRIVATE_EXTERN = NO;
				GCC_WARN_64_TO_32_BIT_CONVERSION = YES;
				GCC_WARN_ABOUT_RETURN_TYPE = YES_ERROR;
				GCC_WARN_UNDECLARED_SELECTOR = YES;
				GCC_WARN_UNINITIALIZED_AUTOS = YES_AGGRESSIVE;
				GCC_WARN_UNUSED_FUNCTION = YES;
				GCC_WARN_UNUSED_VARIABLE = YES;
				MACOSX_DEPLOYMENT_TARGET = 10.10;
				MTL_ENABLE_DEBUG_INFO = YES;
				ONLY_ACTIVE_ARCH = YES;
				SDKROOT = macosx;
				SWIFT_OPTIMIZATION_LEVEL = "-Onone";
				VERSIONING_SYSTEM = "apple-generic";
				VERSION_INFO_PREFIX = "";
			};
			name = Debug;
		};
		F4F55B2D1B8E35780072F09B /* Release */ = {
			isa = XCBuildConfiguration;
			buildSettings = {
				ALWAYS_SEARCH_USER_PATHS = NO;
				CLANG_CXX_LANGUAGE_STANDARD = "gnu++0x";
				CLANG_CXX_LIBRARY = "libc++";
				CLANG_ENABLE_MODULES = YES;
				CLANG_ENABLE_OBJC_ARC = YES;
				CLANG_OPTIMIZATION_PROFILE_FILE = "";
				CLANG_WARN_BOOL_CONVERSION = YES;
				CLANG_WARN_CONSTANT_CONVERSION = YES;
				CLANG_WARN_DIRECT_OBJC_ISA_USAGE = YES_ERROR;
				CLANG_WARN_EMPTY_BODY = YES;
				CLANG_WARN_ENUM_CONVERSION = YES;
				CLANG_WARN_INT_CONVERSION = YES;
				CLANG_WARN_OBJC_ROOT_CLASS = YES_ERROR;
				CLANG_WARN_UNREACHABLE_CODE = YES;
				CLANG_WARN__DUPLICATE_METHOD_MATCH = YES;
				COPY_PHASE_STRIP = NO;
				CURRENT_PROJECT_VERSION = 1;
				DEBUG_INFORMATION_FORMAT = "dwarf-with-dsym";
				ENABLE_NS_ASSERTIONS = NO;
				ENABLE_STRICT_OBJC_MSGSEND = YES;
				GCC_C_LANGUAGE_STANDARD = gnu99;
				GCC_NO_COMMON_BLOCKS = YES;
				GCC_WARN_64_TO_32_BIT_CONVERSION = YES;
				GCC_WARN_ABOUT_RETURN_TYPE = YES_ERROR;
				GCC_WARN_UNDECLARED_SELECTOR = YES;
				GCC_WARN_UNINITIALIZED_AUTOS = YES_AGGRESSIVE;
				GCC_WARN_UNUSED_FUNCTION = YES;
				GCC_WARN_UNUSED_VARIABLE = YES;
				MACOSX_DEPLOYMENT_TARGET = 10.10;
				MTL_ENABLE_DEBUG_INFO = NO;
				SDKROOT = macosx;
				VERSIONING_SYSTEM = "apple-generic";
				VERSION_INFO_PREFIX = "";
			};
			name = Release;
		};
		F4F55B2F1B8E35780072F09B /* Debug */ = {
			isa = XCBuildConfiguration;
			buildSettings = {
				CLANG_USE_OPTIMIZATION_PROFILE = YES;
				COMBINE_HIDPI_IMAGES = YES;
				DEFINES_MODULE = YES;
				DYLIB_COMPATIBILITY_VERSION = 1;
				DYLIB_CURRENT_VERSION = 1;
				DYLIB_INSTALL_NAME_BASE = "@rpath";
				EMBEDDED_CONTENT_CONTAINS_SWIFT = YES;
				FRAMEWORK_VERSION = A;
				INFOPLIST_FILE = GMPSwift/Info.plist;
				INSTALL_PATH = "$(LOCAL_LIBRARY_DIR)/Frameworks";
				LD_RUNPATH_SEARCH_PATHS = "$(inherited) @executable_path/../Frameworks @loader_path/Frameworks";
				LIBRARY_SEARCH_PATHS = (
					"$(inherited)",
					"$(PROJECT_DIR)/GMP/OSX",
				);
				MODULEMAP_FILE = GMPSwift/module.modulemap;
				PRODUCT_NAME = "$(TARGET_NAME)";
				SKIP_INSTALL = YES;
				SWIFT_OBJC_INTERFACE_HEADER_NAME = GMPSwift.h;
			};
			name = Debug;
		};
		F4F55B301B8E35780072F09B /* Release */ = {
			isa = XCBuildConfiguration;
			buildSettings = {
				CLANG_USE_OPTIMIZATION_PROFILE = YES;
				COMBINE_HIDPI_IMAGES = YES;
				DEFINES_MODULE = YES;
				DYLIB_COMPATIBILITY_VERSION = 1;
				DYLIB_CURRENT_VERSION = 1;
				DYLIB_INSTALL_NAME_BASE = "@rpath";
				EMBEDDED_CONTENT_CONTAINS_SWIFT = YES;
				FRAMEWORK_VERSION = A;
				INFOPLIST_FILE = GMPSwift/Info.plist;
				INSTALL_PATH = "$(LOCAL_LIBRARY_DIR)/Frameworks";
				LD_RUNPATH_SEARCH_PATHS = "$(inherited) @executable_path/../Frameworks @loader_path/Frameworks";
				LIBRARY_SEARCH_PATHS = (
					"$(inherited)",
					"$(PROJECT_DIR)/GMP/OSX",
				);
				MODULEMAP_FILE = GMPSwift/module.modulemap;
				PRODUCT_NAME = "$(TARGET_NAME)";
				SKIP_INSTALL = YES;
				SWIFT_OBJC_INTERFACE_HEADER_NAME = GMPSwift.h;
			};
			name = Release;
		};
		F4F55B321B8E35780072F09B /* Debug */ = {
			isa = XCBuildConfiguration;
			buildSettings = {
				COMBINE_HIDPI_IMAGES = YES;
				FRAMEWORK_SEARCH_PATHS = (
					"$(DEVELOPER_FRAMEWORKS_DIR)",
					"$(inherited)",
				);
				GCC_PREPROCESSOR_DEFINITIONS = (
					"DEBUG=1",
					"$(inherited)",
				);
				INFOPLIST_FILE = GMPSwiftTests/Info.plist;
				LD_RUNPATH_SEARCH_PATHS = "$(inherited) @executable_path/../Frameworks @loader_path/../Frameworks";
				PRODUCT_NAME = "$(TARGET_NAME)";
			};
			name = Debug;
		};
		F4F55B331B8E35780072F09B /* Release */ = {
			isa = XCBuildConfiguration;
			buildSettings = {
				COMBINE_HIDPI_IMAGES = YES;
				FRAMEWORK_SEARCH_PATHS = (
					"$(DEVELOPER_FRAMEWORKS_DIR)",
					"$(inherited)",
				);
				INFOPLIST_FILE = GMPSwiftTests/Info.plist;
				LD_RUNPATH_SEARCH_PATHS = "$(inherited) @executable_path/../Frameworks @loader_path/../Frameworks";
				PRODUCT_NAME = "$(TARGET_NAME)";
			};
			name = Release;
		};
/* End XCBuildConfiguration section */

/* Begin XCConfigurationList section */
		F4CA524E1B98C0410098997E /* Build configuration list for PBXNativeTarget "TestGMPSwift" */ = {
			isa = XCConfigurationList;
			buildConfigurations = (
				F4CA524F1B98C0410098997E /* Debug */,
				F4CA52501B98C0410098997E /* Release */,
			);
			defaultConfigurationIsVisible = 0;
		};
		F4F55B121B8E35780072F09B /* Build configuration list for PBXProject "GMPSwift" */ = {
			isa = XCConfigurationList;
			buildConfigurations = (
				F4F55B2C1B8E35780072F09B /* Debug */,
				F4F55B2D1B8E35780072F09B /* Release */,
			);
			defaultConfigurationIsVisible = 0;
			defaultConfigurationName = Release;
		};
		F4F55B2E1B8E35780072F09B /* Build configuration list for PBXNativeTarget "GMPSwift" */ = {
			isa = XCConfigurationList;
			buildConfigurations = (
				F4F55B2F1B8E35780072F09B /* Debug */,
				F4F55B301B8E35780072F09B /* Release */,
			);
			defaultConfigurationIsVisible = 0;
			defaultConfigurationName = Release;
		};
		F4F55B311B8E35780072F09B /* Build configuration list for PBXNativeTarget "GMPSwiftTests" */ = {
			isa = XCConfigurationList;
			buildConfigurations = (
				F4F55B321B8E35780072F09B /* Debug */,
				F4F55B331B8E35780072F09B /* Release */,
			);
			defaultConfigurationIsVisible = 0;
			defaultConfigurationName = Release;
		};
/* End XCConfigurationList section */
	};
	rootObject = F4F55B0F1B8E35780072F09B /* Project object */;
}
